// !$*UTF8*$!
{
	archiveVersion = 1;
	classes = {
	};
	objectVersion = 46;
	objects = {

/* Begin PBXBuildFile section */
		90458E251C99DC1D0013BA2D /* NodeController.cpp in Sources */ = {isa = PBXBuildFile; fileRef = 90458E171C99DC1D0013BA2D /* NodeController.cpp */; };
		90458E261C99DC1D0013BA2D /* NodeRunner.cpp in Sources */ = {isa = PBXBuildFile; fileRef = 90458E191C99DC1D0013BA2D /* NodeRunner.cpp */; };
		90458E271C99DC1D0013BA2D /* ArrayNode.cpp in Sources */ = {isa = PBXBuildFile; fileRef = 90458E1B1C99DC1D0013BA2D /* ArrayNode.cpp */; };
		90458E281C99DC1D0013BA2D /* CTECArray.cpp in Sources */ = {isa = PBXBuildFile; fileRef = 90458E1D1C99DC1D0013BA2D /* CTECArray.cpp */; };
		90458E291C99DC1D0013BA2D /* CTECList.cpp in Sources */ = {isa = PBXBuildFile; fileRef = 90458E1F1C99DC1D0013BA2D /* CTECList.cpp */; };
		90458E2A1C99DC1D0013BA2D /* Node.cpp in Sources */ = {isa = PBXBuildFile; fileRef = 90458E211C99DC1D0013BA2D /* Node.cpp */; };
		90458E2B1C99DC1D0013BA2D /* Timer.cpp in Sources */ = {isa = PBXBuildFile; fileRef = 90458E231C99DC1D0013BA2D /* Timer.cpp */; };
		90BBD1B81CCE8FC4007709FD /* CTECGraph.cpp in Sources */ = {isa = PBXBuildFile; fileRef = 90BBD1B61CCE8FC4007709FD /* CTECGraph.cpp */; };
		90CA1CBF1CBC1D3700FB0DC3 /* TreeNode.cpp in Sources */ = {isa = PBXBuildFile; fileRef = 90CA1CBD1CBC1D3700FB0DC3 /* TreeNode.cpp */; };
		90CA1CC21CBC2D4600FB0DC3 /* CTECBinaryTree.cpp in Sources */ = {isa = PBXBuildFile; fileRef = 90CA1CC01CBC2D4600FB0DC3 /* CTECBinaryTree.cpp */; };
/* End PBXBuildFile section */

/* Begin PBXCopyFilesBuildPhase section */
		90458E0A1C99DB840013BA2D /* CopyFiles */ = {
			isa = PBXCopyFilesBuildPhase;
			buildActionMask = 2147483647;
			dstPath = /usr/share/man/man1/;
			dstSubfolderSpec = 0;
			files = (
			);
			runOnlyForDeploymentPostprocessing = 1;
		};
/* End PBXCopyFilesBuildPhase section */

/* Begin PBXFileReference section */
		90458E0C1C99DB840013BA2D /* AfternoonNodes */ = {isa = PBXFileReference; explicitFileType = "compiled.mach-o.executable"; includeInIndex = 0; path = AfternoonNodes; sourceTree = BUILT_PRODUCTS_DIR; };
		90458E171C99DC1D0013BA2D /* NodeController.cpp */ = {isa = PBXFileReference; fileEncoding = 4; lastKnownFileType = sourcecode.cpp.cpp; path = NodeController.cpp; sourceTree = "<group>"; };
		90458E181C99DC1D0013BA2D /* NodeController.h */ = {isa = PBXFileReference; fileEncoding = 4; lastKnownFileType = sourcecode.c.h; path = NodeController.h; sourceTree = "<group>"; };
		90458E191C99DC1D0013BA2D /* NodeRunner.cpp */ = {isa = PBXFileReference; fileEncoding = 4; lastKnownFileType = sourcecode.cpp.cpp; path = NodeRunner.cpp; sourceTree = "<group>"; };
		90458E1B1C99DC1D0013BA2D /* ArrayNode.cpp */ = {isa = PBXFileReference; fileEncoding = 4; lastKnownFileType = sourcecode.cpp.cpp; path = ArrayNode.cpp; sourceTree = "<group>"; };
		90458E1C1C99DC1D0013BA2D /* ArrayNode.h */ = {isa = PBXFileReference; fileEncoding = 4; lastKnownFileType = sourcecode.c.h; path = ArrayNode.h; sourceTree = "<group>"; };
		90458E1D1C99DC1D0013BA2D /* CTECArray.cpp */ = {isa = PBXFileReference; fileEncoding = 4; lastKnownFileType = sourcecode.cpp.cpp; path = CTECArray.cpp; sourceTree = "<group>"; };
		90458E1E1C99DC1D0013BA2D /* CTECArray.h */ = {isa = PBXFileReference; fileEncoding = 4; lastKnownFileType = sourcecode.c.h; path = CTECArray.h; sourceTree = "<group>"; };
		90458E1F1C99DC1D0013BA2D /* CTECList.cpp */ = {isa = PBXFileReference; fileEncoding = 4; lastKnownFileType = sourcecode.cpp.cpp; path = CTECList.cpp; sourceTree = "<group>"; };
		90458E201C99DC1D0013BA2D /* CTECList.h */ = {isa = PBXFileReference; fileEncoding = 4; lastKnownFileType = sourcecode.c.h; path = CTECList.h; sourceTree = "<group>"; };
		90458E211C99DC1D0013BA2D /* Node.cpp */ = {isa = PBXFileReference; fileEncoding = 4; lastKnownFileType = sourcecode.cpp.cpp; path = Node.cpp; sourceTree = "<group>"; };
		90458E221C99DC1D0013BA2D /* Node.h */ = {isa = PBXFileReference; fileEncoding = 4; lastKnownFileType = sourcecode.c.h; path = Node.h; sourceTree = "<group>"; };
		90458E231C99DC1D0013BA2D /* Timer.cpp */ = {isa = PBXFileReference; fileEncoding = 4; lastKnownFileType = sourcecode.cpp.cpp; path = Timer.cpp; sourceTree = "<group>"; };
		90458E241C99DC1D0013BA2D /* Timer.h */ = {isa = PBXFileReference; fileEncoding = 4; lastKnownFileType = sourcecode.c.h; path = Timer.h; sourceTree = "<group>"; };
		90BBD1B61CCE8FC4007709FD /* CTECGraph.cpp */ = {isa = PBXFileReference; fileEncoding = 4; lastKnownFileType = sourcecode.cpp.cpp; path = CTECGraph.cpp; sourceTree = "<group>"; };
		90BBD1B71CCE8FC4007709FD /* CTECGraph.hpp */ = {isa = PBXFileReference; fileEncoding = 4; lastKnownFileType = sourcecode.cpp.h; path = CTECGraph.hpp; sourceTree = "<group>"; };
		90CA1CBD1CBC1D3700FB0DC3 /* TreeNode.cpp */ = {isa = PBXFileReference; fileEncoding = 4; lastKnownFileType = sourcecode.cpp.cpp; path = TreeNode.cpp; sourceTree = "<group>"; };
		90CA1CBE1CBC1D3700FB0DC3 /* TreeNode.hpp */ = {isa = PBXFileReference; fileEncoding = 4; lastKnownFileType = sourcecode.cpp.h; path = TreeNode.hpp; sourceTree = "<group>"; };
		90CA1CC01CBC2D4600FB0DC3 /* CTECBinaryTree.cpp */ = {isa = PBXFileReference; fileEncoding = 4; lastKnownFileType = sourcecode.cpp.cpp; path = CTECBinaryTree.cpp; sourceTree = "<group>"; };
		90CA1CC11CBC2D4600FB0DC3 /* CTECBinaryTree.hpp */ = {isa = PBXFileReference; fileEncoding = 4; lastKnownFileType = sourcecode.cpp.h; path = CTECBinaryTree.hpp; sourceTree = "<group>"; };
/* End PBXFileReference section */

/* Begin PBXFrameworksBuildPhase section */
		90458E091C99DB840013BA2D /* Frameworks */ = {
			isa = PBXFrameworksBuildPhase;
			buildActionMask = 2147483647;
			files = (
			);
			runOnlyForDeploymentPostprocessing = 0;
		};
/* End PBXFrameworksBuildPhase section */

/* Begin PBXGroup section */
		90458E031C99DB840013BA2D = {
			isa = PBXGroup;
			children = (
				90458E161C99DC1D0013BA2D /* Controller */,
				90458E1A1C99DC1D0013BA2D /* Model */,
				90458E0D1C99DB840013BA2D /* Products */,
			);
			sourceTree = "<group>";
		};
		90458E0D1C99DB840013BA2D /* Products */ = {
			isa = PBXGroup;
			children = (
				90458E0C1C99DB840013BA2D /* AfternoonNodes */,
			);
			name = Products;
			sourceTree = "<group>";
		};
		90458E161C99DC1D0013BA2D /* Controller */ = {
			isa = PBXGroup;
			children = (
				90458E171C99DC1D0013BA2D /* NodeController.cpp */,
				90458E181C99DC1D0013BA2D /* NodeController.h */,
				90458E191C99DC1D0013BA2D /* NodeRunner.cpp */,
			);
			path = Controller;
			sourceTree = "<group>";
		};
		90458E1A1C99DC1D0013BA2D /* Model */ = {
			isa = PBXGroup;
			children = (
				90458E1B1C99DC1D0013BA2D /* ArrayNode.cpp */,
				90458E1C1C99DC1D0013BA2D /* ArrayNode.h */,
				90458E1D1C99DC1D0013BA2D /* CTECArray.cpp */,
				90458E1E1C99DC1D0013BA2D /* CTECArray.h */,
				90458E1F1C99DC1D0013BA2D /* CTECList.cpp */,
				90458E201C99DC1D0013BA2D /* CTECList.h */,
				90458E211C99DC1D0013BA2D /* Node.cpp */,
				90458E221C99DC1D0013BA2D /* Node.h */,
				90458E231C99DC1D0013BA2D /* Timer.cpp */,
				90458E241C99DC1D0013BA2D /* Timer.h */,
				90CA1CBD1CBC1D3700FB0DC3 /* TreeNode.cpp */,
				90CA1CBE1CBC1D3700FB0DC3 /* TreeNode.hpp */,
				90CA1CC01CBC2D4600FB0DC3 /* CTECBinaryTree.cpp */,
				90CA1CC11CBC2D4600FB0DC3 /* CTECBinaryTree.hpp */,
				90BBD1B61CCE8FC4007709FD /* CTECGraph.cpp */,
				90BBD1B71CCE8FC4007709FD /* CTECGraph.hpp */,
			);
			path = Model;
			sourceTree = "<group>";
		};
/* End PBXGroup section */

/* Begin PBXNativeTarget section */
		90458E0B1C99DB840013BA2D /* AfternoonNodes */ = {
			isa = PBXNativeTarget;
			buildConfigurationList = 90458E131C99DB840013BA2D /* Build configuration list for PBXNativeTarget "AfternoonNodes" */;
			buildPhases = (
				90458E081C99DB840013BA2D /* Sources */,
				90458E091C99DB840013BA2D /* Frameworks */,
				90458E0A1C99DB840013BA2D /* CopyFiles */,
			);
			buildRules = (
			);
			dependencies = (
			);
			name = AfternoonNodes;
			productName = AfternoonNodes;
			productReference = 90458E0C1C99DB840013BA2D /* AfternoonNodes */;
			productType = "com.apple.product-type.tool";
		};
/* End PBXNativeTarget section */

/* Begin PBXProject section */
		90458E041C99DB840013BA2D /* Project object */ = {
			isa = PBXProject;
			attributes = {
				LastUpgradeCheck = 0720;
				ORGANIZATIONNAME = CTEC;
				TargetAttributes = {
					90458E0B1C99DB840013BA2D = {
						CreatedOnToolsVersion = 7.2;
					};
				};
			};
			buildConfigurationList = 90458E071C99DB840013BA2D /* Build configuration list for PBXProject "AfternoonNodes" */;
			compatibilityVersion = "Xcode 3.2";
			developmentRegion = English;
			hasScannedForEncodings = 0;
			knownRegions = (
				en,
			);
			mainGroup = 90458E031C99DB840013BA2D;
			productRefGroup = 90458E0D1C99DB840013BA2D /* Products */;
			projectDirPath = "";
			projectRoot = "";
			targets = (
				90458E0B1C99DB840013BA2D /* AfternoonNodes */,
			);
		};
/* End PBXProject section */

/* Begin PBXSourcesBuildPhase section */
		90458E081C99DB840013BA2D /* Sources */ = {
			isa = PBXSourcesBuildPhase;
			buildActionMask = 2147483647;
			files = (
				90458E2A1C99DC1D0013BA2D /* Node.cpp in Sources */,
				90458E251C99DC1D0013BA2D /* NodeController.cpp in Sources */,
				90458E2B1C99DC1D0013BA2D /* Timer.cpp in Sources */,
				90BBD1B81CCE8FC4007709FD /* CTECGraph.cpp in Sources */,
				90CA1CBF1CBC1D3700FB0DC3 /* TreeNode.cpp in Sources */,
				90458E261C99DC1D0013BA2D /* NodeRunner.cpp in Sources */,
				90458E271C99DC1D0013BA2D /* ArrayNode.cpp in Sources */,
				90CA1CC21CBC2D4600FB0DC3 /* CTECBinaryTree.cpp in Sources */,
				90458E291C99DC1D0013BA2D /* CTECList.cpp in Sources */,
				90458E281C99DC1D0013BA2D /* CTECArray.cpp in Sources */,
			);
			runOnlyForDeploymentPostprocessing = 0;
		};
/* End PBXSourcesBuildPhase section */

/* Begin XCBuildConfiguration section */
		90458E111C99DB840013BA2D /* Debug */ = {
			isa = XCBuildConfiguration;
			buildSettings = {
				ALWAYS_SEARCH_USER_PATHS = NO;
				CLANG_CXX_LANGUAGE_STANDARD = "gnu++0x";
				CLANG_CXX_LIBRARY = "libc++";
				CLANG_ENABLE_MODULES = YES;
				CLANG_ENABLE_OBJC_ARC = YES;
				CLANG_WARN_BOOL_CONVERSION = YES;
				CLANG_WARN_CONSTANT_CONVERSION = YES;
				CLANG_WARN_DIRECT_OBJC_ISA_USAGE = YES_ERROR;
				CLANG_WARN_EMPTY_BODY = YES;
				CLANG_WARN_ENUM_CONVERSION = YES;
				CLANG_WARN_INT_CONVERSION = YES;
				CLANG_WARN_OBJC_ROOT_CLASS = YES_ERROR;
				CLANG_WARN_UNREACHABLE_CODE = YES;
				CLANG_WARN__DUPLICATE_METHOD_MATCH = YES;
				CODE_SIGN_IDENTITY = "-";
				COPY_PHASE_STRIP = NO;
				DEBUG_INFORMATION_FORMAT = dwarf;
				ENABLE_STRICT_OBJC_MSGSEND = YES;
				ENABLE_TESTABILITY = YES;
				GCC_C_LANGUAGE_STANDARD = gnu99;
				GCC_DYNAMIC_NO_PIC = NO;
				GCC_NO_COMMON_BLOCKS = YES;
				GCC_OPTIMIZATION_LEVEL = 0;
				GCC_PREPROCESSOR_DEFINITIONS = (
					"DEBUG=1",
					"$(inherited)",
				);
				GCC_WARN_64_TO_32_BIT_CONVERSION = YES;
				GCC_WARN_ABOUT_RETURN_TYPE = YES_ERROR;
				GCC_WARN_UNDECLARED_SELECTOR = YES;
				GCC_WARN_UNINITIALIZED_AUTOS = YES_AGGRESSIVE;
				GCC_WARN_UNUSED_FUNCTION = YES;
				GCC_WARN_UNUSED_VARIABLE = YES;
				MACOSX_DEPLOYMENT_TARGET = 10.10;
				MTL_ENABLE_DEBUG_INFO = YES;
				ONLY_ACTIVE_ARCH = YES;
				SDKROOT = macosx;
			};
			name = Debug;
		};
		90458E121C99DB840013BA2D /* Release */ = {
			isa = XCBuildConfiguration;
			buildSettings = {
				ALWAYS_SEARCH_USER_PATHS = NO;
				CLANG_CXX_LANGUAGE_STANDARD = "gnu++0x";
				CLANG_CXX_LIBRARY = "libc++";
				CLANG_ENABLE_MODULES = YES;
				CLANG_ENABLE_OBJC_ARC = YES;
				CLANG_WARN_BOOL_CONVERSION = YES;
				CLANG_WARN_CONSTANT_CONVERSION = YES;
				CLANG_WARN_DIRECT_OBJC_ISA_USAGE = YES_ERROR;
				CLANG_WARN_EMPTY_BODY = YES;
				CLANG_WARN_ENUM_CONVERSION = YES;
				CLANG_WARN_INT_CONVERSION = YES;
				CLANG_WARN_OBJC_ROOT_CLASS = YES_ERROR;
				CLANG_WARN_UNREACHABLE_CODE = YES;
				CLANG_WARN__DUPLICATE_METHOD_MATCH = YES;
				CODE_SIGN_IDENTITY = "-";
				COPY_PHASE_STRIP = NO;
				DEBUG_INFORMATION_FORMAT = "dwarf-with-dsym";
				ENABLE_NS_ASSERTIONS = NO;
				ENABLE_STRICT_OBJC_MSGSEND = YES;
				GCC_C_LANGUAGE_STANDARD = gnu99;
				GCC_NO_COMMON_BLOCKS = YES;
				GCC_WARN_64_TO_32_BIT_CONVERSION = YES;
				GCC_WARN_ABOUT_RETURN_TYPE = YES_ERROR;
				GCC_WARN_UNDECLARED_SELECTOR = YES;
				GCC_WARN_UNINITIALIZED_AUTOS = YES_AGGRESSIVE;
				GCC_WARN_UNUSED_FUNCTION = YES;
				GCC_WARN_UNUSED_VARIABLE = YES;
				MACOSX_DEPLOYMENT_TARGET = 10.10;
				MTL_ENABLE_DEBUG_INFO = NO;
				SDKROOT = macosx;
			};
			name = Release;
		};
		90458E141C99DB840013BA2D /* Debug */ = {
			isa = XCBuildConfiguration;
			buildSettings = {
				PRODUCT_NAME = "$(TARGET_NAME)";
			};
			name = Debug;
		};
		90458E151C99DB840013BA2D /* Release */ = {
			isa = XCBuildConfiguration;
			buildSettings = {
				PRODUCT_NAME = "$(TARGET_NAME)";
			};
			name = Release;
		};
/* End XCBuildConfiguration section */

/* Begin XCConfigurationList section */
		90458E071C99DB840013BA2D /* Build configuration list for PBXProject "AfternoonNodes" */ = {
			isa = XCConfigurationList;
			buildConfigurations = (
				90458E111C99DB840013BA2D /* Debug */,
				90458E121C99DB840013BA2D /* Release */,
			);
			defaultConfigurationIsVisible = 0;
			defaultConfigurationName = Release;
		};
		90458E131C99DB840013BA2D /* Build configuration list for PBXNativeTarget "AfternoonNodes" */ = {
			isa = XCConfigurationList;
			buildConfigurations = (
				90458E141C99DB840013BA2D /* Debug */,
				90458E151C99DB840013BA2D /* Release */,
			);
			defaultConfigurationIsVisible = 0;
			defaultConfigurationName = Release;
		};
/* End XCConfigurationList section */
	};
	rootObject = 90458E041C99DB840013BA2D /* Project object */;
}
